
Microsoft Visual Studio Solution File, Format Version 12.00
# Visual Studio Version 17
VisualStudioVersion = 17.5.002.0
MinimumVisualStudioVersion = 10.0.40219.1
Project("{9A19103F-16F7-4668-BE54-9A1E7A4F7556}") = "mvc", "mvc.csproj", "{78092C35-BB82-48FF-8C33-9F4EDCF58804}"
EndProject
Global
	GlobalSection(SolutionConfigurationPlatforms) = preSolution
		Debug|Any CPU = Debug|Any CPU
		Release|Any CPU = Release|Any CPU
	EndGlobalSection
	GlobalSection(ProjectConfigurationPlatforms) = postSolution
		{78092C35-BB82-48FF-8C33-9F4EDCF58804}.Debug|Any CPU.ActiveCfg = Debug|Any CPU
		{78092C35-BB82-48FF-8C33-9F4EDCF58804}.Debug|Any CPU.Build.0 = Debug|Any CPU
		{78092C35-BB82-48FF-8C33-9F4EDCF58804}.Release|Any CPU.ActiveCfg = Release|Any CPU
		{78092C35-BB82-48FF-8C33-9F4EDCF58804}.Release|Any CPU.Build.0 = Release|Any CPU
	EndGlobalSection
	GlobalSection(SolutionProperties) = preSolution
		HideSolutionNode = FALSE
	EndGlobalSection
	GlobalSection(ExtensibilityGlobals) = postSolution
		SolutionGuid = {3E7BE446-7841-4181-9A5F-14D626124D73}
	EndGlobalSection
EndGlobal
